{
  "name": "@curiositystack/a11-ide-webview",
  "version": "0.2.3",
  "lockfileVersion": 3,
  "requires": true,
  "packages": {
    "": {
      "name": "@curiositystack/a11-ide-webview",
      "version": "0.2.3",
      "dependencies": {
        "@curiositystack/a11": "file:../js",
        "marked": "^15.0.0"
      },
      "devDependencies": {
        "typescript": "^5.9.3"
      }
    },
    "../js": {
      "name": "@curiositystack/a11",
      "version": "0.4.0",
      "license": "Apache-2.0",
      "dependencies": {
        "@msgpack/msgpack": "^3.1.2",
        "ws": "^8.18.3",
        "zod": "^4.4.3"
      },
      "devDependencies": {
        "@types/node": "^24.1.0",
        "@types/ws": "^8.18.1",
        "esbuild": "^0.25.12",
        "typedoc": "^0.28.0",
        "typescript": "^5.9.3"
      },
      "engines": {
        "node": ">=20"
      }
    },
    "node_modules/@curiositystack/a11": {
      "resolved": "../js",
      "link": true
    },
    "node_modules/marked": {
      "version": "15.0.12",
      "resolved": "https://registry.npmjs.org/marked/-/marked-15.0.12.tgz",
      "integrity": "sha512-8dD6FusOQSrpv9Z1rdNMdlSgQOIP880DHqnohobOmYLElGEqAL/JvxvuxZO16r4HtjTlfPRDC1hbvxC9dPN2nA==",
      "license": "MIT",
      "bin": {
        "marked": "bin/marked.js"
      },
      "engines": {
        "node": ">= 18"
      }
    },
    "node_modules/typescript": {
      "version": "5.9.3",
      "resolved": "https://registry.npmjs.org/typescript/-/typescript-5.9.3.tgz",
      "integrity": "sha512-jl1vZzPDinLr9eUt3J/t7V6FgNEw9QjvBPdysz9KfQDD41fQrC2Y4vKQdiaUpFT4bXlb1RHhLpp8wtm6M5TgSw==",
      "dev": true,
      "license": "Apache-2.0",
      "bin": {
        "tsc": "bin/tsc",
        "tsserver": "bin/tsserver"
      },
      "engines": {
        "node": ">=14.17"
      }
    }
  }
}
